
Microsoft Visual Studio Solution File, Format Version 12.00
# Visual Studio Version 16
VisualStudioVersion = 16.0.30002.166
MinimumVisualStudioVersion = 10.0.40219.1
Project("{FAE04EC0-301F-11D3-BF4B-00C04F79EFBC}") = "Labb3Mvc2", "Labb3Mvc2\Labb3Mvc2.csproj", "{930EE0A1-CC4F-43E9-B518-59F6C8A5813E}"
EndProject
Global
	GlobalSection(SolutionConfigurationPlatforms) = preSolution
		Debug|Any CPU = Debug|Any CPU
		Release|Any CPU = Release|Any CPU
	EndGlobalSection
	GlobalSection(ProjectConfigurationPlatforms) = postSolution
		{930EE0A1-CC4F-43E9-B518-59F6C8A5813E}.Debug|Any CPU.ActiveCfg = Debug|Any CPU
		{930EE0A1-CC4F-43E9-B518-59F6C8A5813E}.Debug|Any CPU.Build.0 = Debug|Any CPU
		{930EE0A1-CC4F-43E9-B518-59F6C8A5813E}.Release|Any CPU.ActiveCfg = Release|Any CPU
		{930EE0A1-CC4F-43E9-B518-59F6C8A5813E}.Release|Any CPU.Build.0 = Release|Any CPU
	EndGlobalSection
	GlobalSection(SolutionProperties) = preSolution
		HideSolutionNode = FALSE
	EndGlobalSection
	GlobalSection(ExtensibilityGlobals) = postSolution
		SolutionGuid = {44D7124A-815E-4C6A-93E8-38FD421C6E5A}
	EndGlobalSection
EndGlobal
